{
  "lockfileVersion": 1,
  "configVersion": 0,
  "workspaces": {
    "": {
      "name": "opencode",
      "dependencies": {
        "@opencode-ai/plugin": "1.0.137",
      },
    },
  },
  "packages": {
    "@opencode-ai/plugin": ["@opencode-ai/plugin@1.0.137", "", { "dependencies": { "@opencode-ai/sdk": "1.0.137", "zod": "4.1.8" } }, "sha512-mTnsGl4wyGsJs3OwWVn+CVr2wwN9pT6QXGaBLHtUDH3H78iRzUbfQxUcLJRWdsQeia1GKLUoHdaRJAGt6JmtJQ=="],

    "@opencode-ai/sdk": ["@opencode-ai/sdk@1.0.137", "", {}, "sha512-RaANBZv8s+0J6zC0dSoP3gqOsJBAYXwXxQoWSeKCIGHmrgZ88bSeOtB8NwQJY1+gw2Ama7UFFx/xF/lu7AtWuQ=="],

    "zod": ["zod@4.1.8", "", {}, ""],
  }
}
